
Microsoft Visual Studio Solution File, Format Version 12.00
# Visual Studio Version 17
VisualStudioVersion = 17.0.31919.166
MinimumVisualStudioVersion = 10.0.40219.1
Project("{8BC9CEB8-8B4A-11D0-8D11-00A0C91BC942}") = "HW_09_Golovash_Anton_05.02.2022", "HW_09_Golovash_Anton_05.02.2022\HW_09_Golovash_Anton_05.02.2022.vcxproj", "{3935EB82-5ACF-4FA3-BAE7-A516F2BB36F8}"
EndProject
Global
	GlobalSection(SolutionConfigurationPlatforms) = preSolution
		Debug|x64 = Debug|x64
		Debug|x86 = Debug|x86
		Release|x64 = Release|x64
		Release|x86 = Release|x86
	EndGlobalSection
	GlobalSection(ProjectConfigurationPlatforms) = postSolution
		{3935EB82-5ACF-4FA3-BAE7-A516F2BB36F8}.Debug|x64.ActiveCfg = Debug|x64
		{3935EB82-5ACF-4FA3-BAE7-A516F2BB36F8}.Debug|x64.Build.0 = Debug|x64
		{3935EB82-5ACF-4FA3-BAE7-A516F2BB36F8}.Debug|x86.ActiveCfg = Debug|Win32
		{3935EB82-5ACF-4FA3-BAE7-A516F2BB36F8}.Debug|x86.Build.0 = Debug|Win32
		{3935EB82-5ACF-4FA3-BAE7-A516F2BB36F8}.Release|x64.ActiveCfg = Release|x64
		{3935EB82-5ACF-4FA3-BAE7-A516F2BB36F8}.Release|x64.Build.0 = Release|x64
		{3935EB82-5ACF-4FA3-BAE7-A516F2BB36F8}.Release|x86.ActiveCfg = Release|Win32
		{3935EB82-5ACF-4FA3-BAE7-A516F2BB36F8}.Release|x86.Build.0 = Release|Win32
	EndGlobalSection
	GlobalSection(SolutionProperties) = preSolution
		HideSolutionNode = FALSE
	EndGlobalSection
	GlobalSection(ExtensibilityGlobals) = postSolution
		SolutionGuid = {E0DC7607-5EAB-46E2-BF9B-7B731F3CAB42}
	EndGlobalSection
EndGlobal
